
Microsoft Visual Studio Solution File, Format Version 12.00
# Visual Studio 15
VisualStudioVersion = 15.0.26430.12
MinimumVisualStudioVersion = 10.0.40219.1
Project("{FAE04EC0-301F-11D3-BF4B-00C04F79EFBC}") = "BowlingGame", "BowlingGame\BowlingGame.csproj", "{D8483B2A-0020-4359-A315-730E0E756F7F}"
EndProject
Project("{FAE04EC0-301F-11D3-BF4B-00C04F79EFBC}") = "BowlingGame.Tests", "BowlingGame.Tests\BowlingGame.Tests.csproj", "{6E82830B-96AD-47C7-A624-6823B36FE919}"
EndProject
Global
	GlobalSection(SolutionConfigurationPlatforms) = preSolution
		Debug|Any CPU = Debug|Any CPU
		Release|Any CPU = Release|Any CPU
	EndGlobalSection
	GlobalSection(ProjectConfigurationPlatforms) = postSolution
		{D8483B2A-0020-4359-A315-730E0E756F7F}.Debug|Any CPU.ActiveCfg = Debug|Any CPU
		{D8483B2A-0020-4359-A315-730E0E756F7F}.Debug|Any CPU.Build.0 = Debug|Any CPU
		{D8483B2A-0020-4359-A315-730E0E756F7F}.Release|Any CPU.ActiveCfg = Release|Any CPU
		{D8483B2A-0020-4359-A315-730E0E756F7F}.Release|Any CPU.Build.0 = Release|Any CPU
		{6E82830B-96AD-47C7-A624-6823B36FE919}.Debug|Any CPU.ActiveCfg = Debug|Any CPU
		{6E82830B-96AD-47C7-A624-6823B36FE919}.Debug|Any CPU.Build.0 = Debug|Any CPU
		{6E82830B-96AD-47C7-A624-6823B36FE919}.Release|Any CPU.ActiveCfg = Release|Any CPU
		{6E82830B-96AD-47C7-A624-6823B36FE919}.Release|Any CPU.Build.0 = Release|Any CPU
	EndGlobalSection
	GlobalSection(SolutionProperties) = preSolution
		HideSolutionNode = FALSE
	EndGlobalSection
EndGlobal
